{
    "name": "combino-sandbox",
    "version": "1.0.0",
    "lockfileVersion": 3,
    "requires": true,
    "packages": {
        "": {
            "name": "combino-sandbox",
            "version": "1.0.0",
            "dependencies": {
                "combino": "file:../../dist"
            }
        },
        "../../dist": {},
        "node_modules/combino": {
            "resolved": "../../dist",
            "link": true
        }
    }
}
